// !$*UTF8*$!
{
	archiveVersion = 1;
	classes = {
	};
	objectVersion = 56;
	objects = {

/* Begin PBXBuildFile section */
		8E739C7D2B788FC90045ED16 /* RealityKitContent in Resources */ = {isa = PBXBuildFile; fileRef = 8E739C7C2B788FC90045ED16 /* RealityKitContent */; };
		8E739C8B2B78990B0045ED16 /* ViewModel.swift in Sources */ = {isa = PBXBuildFile; fileRef = 8E739C8A2B78990A0045ED16 /* ViewModel.swift */; };
		8EF45AFE2B7899A6000660BF /* Module.swift in Sources */ = {isa = PBXBuildFile; fileRef = 8EF45AFD2B7899A6000660BF /* Module.swift */; };
		8EF45B012B789A16000660BF /* Globe.swift in Sources */ = {isa = PBXBuildFile; fileRef = 8EF45B002B789A16000660BF /* Globe.swift */; };
		8EF45B042B789ADA000660BF /* Earth.swift in Sources */ = {isa = PBXBuildFile; fileRef = 8EF45B032B789ADA000660BF /* Earth.swift */; };
		8EF45B0E2B78A111000660BF /* EarthEntity.swift in Sources */ = {isa = PBXBuildFile; fileRef = 8EF45B0D2B78A111000660BF /* EarthEntity.swift */; };
		8EF45B102B78A160000660BF /* EarthEntity+Configuration.swift in Sources */ = {isa = PBXBuildFile; fileRef = 8EF45B0F2B78A160000660BF /* EarthEntity+Configuration.swift */; };
		8EF45B132B78A244000660BF /* RealityKitContent in Frameworks */ = {isa = PBXBuildFile; productRef = 8EF45B122B78A244000660BF /* RealityKitContent */; };
		8EF45B162B78A487000660BF /* RotationSystem.swift in Sources */ = {isa = PBXBuildFile; fileRef = 8EF45B152B78A487000660BF /* RotationSystem.swift */; };
		8EF45B182B78A4D2000660BF /* Entity+Sunlight.swift in Sources */ = {isa = PBXBuildFile; fileRef = 8EF45B172B78A4D2000660BF /* Entity+Sunlight.swift */; };
		8EF45B1A2B78A54D000660BF /* GlobeControls.swift in Sources */ = {isa = PBXBuildFile; fileRef = 8EF45B192B78A54D000660BF /* GlobeControls.swift */; };
		8EF45B1D2B78A596000660BF /* DragRotationModifier.swift in Sources */ = {isa = PBXBuildFile; fileRef = 8EF45B1C2B78A596000660BF /* DragRotationModifier.swift */; };
		8EF45B1F2B78AB60000660BF /* GlobeToggle.swift in Sources */ = {isa = PBXBuildFile; fileRef = 8EF45B1E2B78AB60000660BF /* GlobeToggle.swift */; };
		8EF45B222B78B08E000660BF /* Modules.swift in Sources */ = {isa = PBXBuildFile; fileRef = 8EF45B212B78B08E000660BF /* Modules.swift */; };
		8EF45B242B78B0B5000660BF /* TableOfContents.swift in Sources */ = {isa = PBXBuildFile; fileRef = 8EF45B232B78B0B5000660BF /* TableOfContents.swift */; };
		8EF45B262B78B0C6000660BF /* ModuleCard.swift in Sources */ = {isa = PBXBuildFile; fileRef = 8EF45B252B78B0C6000660BF /* ModuleCard.swift */; };
		8EF45B282B78B0F6000660BF /* TypeTextModifier.swift in Sources */ = {isa = PBXBuildFile; fileRef = 8EF45B272B78B0F6000660BF /* TypeTextModifier.swift */; };
		8EF45B2A2B78B112000660BF /* ModuleDetail.swift in Sources */ = {isa = PBXBuildFile; fileRef = 8EF45B292B78B112000660BF /* ModuleDetail.swift */; };
		8EF45B2C2B78B138000660BF /* GlobeModule.swift in Sources */ = {isa = PBXBuildFile; fileRef = 8EF45B2B2B78B138000660BF /* GlobeModule.swift */; };
		8EF45B2F2B78B1BE000660BF /* SettingsButton.swift in Sources */ = {isa = PBXBuildFile; fileRef = 8EF45B2E2B78B1BE000660BF /* SettingsButton.swift */; };
		8EF45B312B78B1ED000660BF /* GlobeSettings.swift in Sources */ = {isa = PBXBuildFile; fileRef = 8EF45B302B78B1ED000660BF /* GlobeSettings.swift */; };
		8EF45B332B78B1FE000660BF /* EarthSettings.swift in Sources */ = {isa = PBXBuildFile; fileRef = 8EF45B322B78B1FE000660BF /* EarthSettings.swift */; };
		8EF45B352B78B214000660BF /* SliderGridRow.swift in Sources */ = {isa = PBXBuildFile; fileRef = 8EF45B342B78B214000660BF /* SliderGridRow.swift */; };
		8EF45B382B78B6F3000660BF /* ClientToggle.swift in Sources */ = {isa = PBXBuildFile; fileRef = 8EF45B372B78B6F3000660BF /* ClientToggle.swift */; };
		8EF45B3A2B7968D2000660BF /* BoundaryView.swift in Sources */ = {isa = PBXBuildFile; fileRef = 8EF45B392B7968D2000660BF /* BoundaryView.swift */; };
		8EF45B3C2B799374000660BF /* AAPLRenderTarget.swift in Sources */ = {isa = PBXBuildFile; fileRef = 8EF45B3B2B799374000660BF /* AAPLRenderTarget.swift */; };
		C588CC212B6BC7B200D00DF0 /* ALVRClientCore.xcframework in Frameworks */ = {isa = PBXBuildFile; fileRef = C588CC1F2B6BC7AA00D00DF0 /* ALVRClientCore.xcframework */; };
		C588CC222B6BC7B200D00DF0 /* ALVRClientCore.xcframework in Embed Libraries */ = {isa = PBXBuildFile; fileRef = C588CC1F2B6BC7AA00D00DF0 /* ALVRClientCore.xcframework */; settings = {ATTRIBUTES = (CodeSignOnCopy, RemoveHeadersOnCopy, ); }; };
		C5E590322B6379ED00328ED6 /* ALVRClientApp.swift in Sources */ = {isa = PBXBuildFile; fileRef = C5E590312B6379ED00328ED6 /* ALVRClientApp.swift */; };
		C5E590342B6379ED00328ED6 /* ContentView.swift in Sources */ = {isa = PBXBuildFile; fileRef = C5E590332B6379ED00328ED6 /* ContentView.swift */; };
		C5E590362B6379ED00328ED6 /* Renderer.swift in Sources */ = {isa = PBXBuildFile; fileRef = C5E590352B6379ED00328ED6 /* Renderer.swift */; };
		C5E590382B6379ED00328ED6 /* Shaders.metal in Sources */ = {isa = PBXBuildFile; fileRef = C5E590372B6379ED00328ED6 /* Shaders.metal */; };
		C5E5903C2B6379ED00328ED6 /* Preview Assets.xcassets in Resources */ = {isa = PBXBuildFile; fileRef = C5E5903B2B6379ED00328ED6 /* Preview Assets.xcassets */; };
		C5E5903E2B6379EE00328ED6 /* Assets.xcassets in Resources */ = {isa = PBXBuildFile; fileRef = C5E5903D2B6379EE00328ED6 /* Assets.xcassets */; };
		D61E6FE02B71CE080076031A /* VideoHandler.swift in Sources */ = {isa = PBXBuildFile; fileRef = D61E6FDF2B71CE080076031A /* VideoHandler.swift */; };
		D68FA8092B742F6F0052B7FF /* FFR.swift in Sources */ = {isa = PBXBuildFile; fileRef = D68FA8082B742F6F0052B7FF /* FFR.swift */; };
/* End PBXBuildFile section */

/* Begin PBXCopyFilesBuildPhase section */
		C5114FAE2B63899C00865FD2 /* Embed Libraries */ = {
			isa = PBXCopyFilesBuildPhase;
			buildActionMask = 2147483647;
			dstPath = "";
			dstSubfolderSpec = 10;
			files = (
				C588CC222B6BC7B200D00DF0 /* ALVRClientCore.xcframework in Embed Libraries */,
			);
			name = "Embed Libraries";
			runOnlyForDeploymentPostprocessing = 0;
		};
/* End PBXCopyFilesBuildPhase section */

/* Begin PBXFileReference section */
		8E739C7C2B788FC90045ED16 /* RealityKitContent */ = {isa = PBXFileReference; lastKnownFileType = wrapper; path = RealityKitContent; sourceTree = "<group>"; };
		8E739C8A2B78990A0045ED16 /* ViewModel.swift */ = {isa = PBXFileReference; lastKnownFileType = sourcecode.swift; path = ViewModel.swift; sourceTree = "<group>"; };
		8EF45AFD2B7899A6000660BF /* Module.swift */ = {isa = PBXFileReference; lastKnownFileType = sourcecode.swift; path = Module.swift; sourceTree = "<group>"; };
		8EF45B002B789A16000660BF /* Globe.swift */ = {isa = PBXFileReference; lastKnownFileType = sourcecode.swift; path = Globe.swift; sourceTree = "<group>"; };
		8EF45B032B789ADA000660BF /* Earth.swift */ = {isa = PBXFileReference; lastKnownFileType = sourcecode.swift; path = Earth.swift; sourceTree = "<group>"; };
		8EF45B0D2B78A111000660BF /* EarthEntity.swift */ = {isa = PBXFileReference; lastKnownFileType = sourcecode.swift; path = EarthEntity.swift; sourceTree = "<group>"; };
		8EF45B0F2B78A160000660BF /* EarthEntity+Configuration.swift */ = {isa = PBXFileReference; lastKnownFileType = sourcecode.swift; path = "EarthEntity+Configuration.swift"; sourceTree = "<group>"; };
		8EF45B152B78A487000660BF /* RotationSystem.swift */ = {isa = PBXFileReference; lastKnownFileType = sourcecode.swift; path = RotationSystem.swift; sourceTree = "<group>"; };
		8EF45B172B78A4D2000660BF /* Entity+Sunlight.swift */ = {isa = PBXFileReference; lastKnownFileType = sourcecode.swift; path = "Entity+Sunlight.swift"; sourceTree = "<group>"; };
		8EF45B192B78A54D000660BF /* GlobeControls.swift */ = {isa = PBXFileReference; lastKnownFileType = sourcecode.swift; path = GlobeControls.swift; sourceTree = "<group>"; };
		8EF45B1C2B78A596000660BF /* DragRotationModifier.swift */ = {isa = PBXFileReference; lastKnownFileType = sourcecode.swift; path = DragRotationModifier.swift; sourceTree = "<group>"; };
		8EF45B1E2B78AB60000660BF /* GlobeToggle.swift */ = {isa = PBXFileReference; lastKnownFileType = sourcecode.swift; path = GlobeToggle.swift; sourceTree = "<group>"; };
		8EF45B212B78B08E000660BF /* Modules.swift */ = {isa = PBXFileReference; lastKnownFileType = sourcecode.swift; path = Modules.swift; sourceTree = "<group>"; };
		8EF45B232B78B0B5000660BF /* TableOfContents.swift */ = {isa = PBXFileReference; lastKnownFileType = sourcecode.swift; path = TableOfContents.swift; sourceTree = "<group>"; };
		8EF45B252B78B0C6000660BF /* ModuleCard.swift */ = {isa = PBXFileReference; lastKnownFileType = sourcecode.swift; path = ModuleCard.swift; sourceTree = "<group>"; };
		8EF45B272B78B0F6000660BF /* TypeTextModifier.swift */ = {isa = PBXFileReference; lastKnownFileType = sourcecode.swift; path = TypeTextModifier.swift; sourceTree = "<group>"; };
		8EF45B292B78B112000660BF /* ModuleDetail.swift */ = {isa = PBXFileReference; lastKnownFileType = sourcecode.swift; path = ModuleDetail.swift; sourceTree = "<group>"; };
		8EF45B2B2B78B138000660BF /* GlobeModule.swift */ = {isa = PBXFileReference; lastKnownFileType = sourcecode.swift; path = GlobeModule.swift; sourceTree = "<group>"; };
		8EF45B2E2B78B1BE000660BF /* SettingsButton.swift */ = {isa = PBXFileReference; lastKnownFileType = sourcecode.swift; path = SettingsButton.swift; sourceTree = "<group>"; };
		8EF45B302B78B1ED000660BF /* GlobeSettings.swift */ = {isa = PBXFileReference; lastKnownFileType = sourcecode.swift; path = GlobeSettings.swift; sourceTree = "<group>"; };
		8EF45B322B78B1FE000660BF /* EarthSettings.swift */ = {isa = PBXFileReference; lastKnownFileType = sourcecode.swift; path = EarthSettings.swift; sourceTree = "<group>"; };
		8EF45B342B78B214000660BF /* SliderGridRow.swift */ = {isa = PBXFileReference; lastKnownFileType = sourcecode.swift; path = SliderGridRow.swift; sourceTree = "<group>"; };
		8EF45B372B78B6F3000660BF /* ClientToggle.swift */ = {isa = PBXFileReference; lastKnownFileType = sourcecode.swift; path = ClientToggle.swift; sourceTree = "<group>"; };
		8EF45B392B7968D2000660BF /* BoundaryView.swift */ = {isa = PBXFileReference; lastKnownFileType = sourcecode.swift; path = BoundaryView.swift; sourceTree = "<group>"; };
		8EF45B3B2B799374000660BF /* AAPLRenderTarget.swift */ = {isa = PBXFileReference; lastKnownFileType = sourcecode.swift; path = AAPLRenderTarget.swift; sourceTree = "<group>"; };
		C588CC1F2B6BC7AA00D00DF0 /* ALVRClientCore.xcframework */ = {isa = PBXFileReference; lastKnownFileType = wrapper.xcframework; path = ALVRClientCore.xcframework; sourceTree = SOURCE_ROOT; };
		C5E5902A2B6379ED00328ED6 /* ALVRClient.app */ = {isa = PBXFileReference; explicitFileType = wrapper.application; includeInIndex = 0; path = ALVRClient.app; sourceTree = BUILT_PRODUCTS_DIR; };
		C5E590312B6379ED00328ED6 /* ALVRClientApp.swift */ = {isa = PBXFileReference; lastKnownFileType = sourcecode.swift; path = ALVRClientApp.swift; sourceTree = "<group>"; };
		C5E590332B6379ED00328ED6 /* ContentView.swift */ = {isa = PBXFileReference; lastKnownFileType = sourcecode.swift; path = ContentView.swift; sourceTree = "<group>"; };
		C5E590352B6379ED00328ED6 /* Renderer.swift */ = {isa = PBXFileReference; lastKnownFileType = sourcecode.swift; path = Renderer.swift; sourceTree = "<group>"; };
		C5E590372B6379ED00328ED6 /* Shaders.metal */ = {isa = PBXFileReference; lastKnownFileType = sourcecode.metal; path = Shaders.metal; sourceTree = "<group>"; };
		C5E590392B6379ED00328ED6 /* ShaderTypes.h */ = {isa = PBXFileReference; lastKnownFileType = sourcecode.c.h; path = ShaderTypes.h; sourceTree = "<group>"; };
		C5E5903B2B6379ED00328ED6 /* Preview Assets.xcassets */ = {isa = PBXFileReference; lastKnownFileType = folder.assetcatalog; path = "Preview Assets.xcassets"; sourceTree = "<group>"; };
		C5E5903D2B6379EE00328ED6 /* Assets.xcassets */ = {isa = PBXFileReference; lastKnownFileType = folder.assetcatalog; path = Assets.xcassets; sourceTree = "<group>"; };
		C5E5903F2B6379EE00328ED6 /* Info.plist */ = {isa = PBXFileReference; lastKnownFileType = text.plist.xml; path = Info.plist; sourceTree = "<group>"; };
		C5E590492B637C7E00328ED6 /* ALVRClient-Bridging-Header.h */ = {isa = PBXFileReference; lastKnownFileType = sourcecode.c.h; path = "ALVRClient-Bridging-Header.h"; sourceTree = "<group>"; };
		D61E6FDF2B71CE080076031A /* VideoHandler.swift */ = {isa = PBXFileReference; lastKnownFileType = sourcecode.swift; path = VideoHandler.swift; sourceTree = "<group>"; };
		D68FA8042B73D5DD0052B7FF /* ALVRClient.xcconfig */ = {isa = PBXFileReference; lastKnownFileType = text.xcconfig; path = ALVRClient.xcconfig; sourceTree = "<group>"; };
		D68FA8052B73D6260052B7FF /* Override.xcconfig */ = {isa = PBXFileReference; lastKnownFileType = text.xcconfig; path = Override.xcconfig; sourceTree = "<group>"; };
		D68FA8082B742F6F0052B7FF /* FFR.swift */ = {isa = PBXFileReference; lastKnownFileType = sourcecode.swift; path = FFR.swift; sourceTree = "<group>"; };
/* End PBXFileReference section */

/* Begin PBXFrameworksBuildPhase section */
		C5E590272B6379ED00328ED6 /* Frameworks */ = {
			isa = PBXFrameworksBuildPhase;
			buildActionMask = 2147483647;
			files = (
				8EF45B132B78A244000660BF /* RealityKitContent in Frameworks */,
				C588CC212B6BC7B200D00DF0 /* ALVRClientCore.xcframework in Frameworks */,
			);
			runOnlyForDeploymentPostprocessing = 0;
		};
/* End PBXFrameworksBuildPhase section */

/* Begin PBXGroup section */
		8E739C892B7898EC0045ED16 /* Model */ = {
			isa = PBXGroup;
			children = (
				8E739C8A2B78990A0045ED16 /* ViewModel.swift */,
				8EF45AFD2B7899A6000660BF /* Module.swift */,
			);
			path = Model;
			sourceTree = "<group>";
		};
		8EF45AFF2B7899FC000660BF /* Globe */ = {
			isa = PBXGroup;
			children = (
				8EF45B002B789A16000660BF /* Globe.swift */,
				8EF45B192B78A54D000660BF /* GlobeControls.swift */,
				8EF45B1E2B78AB60000660BF /* GlobeToggle.swift */,
				8EF45B2B2B78B138000660BF /* GlobeModule.swift */,
			);
			path = Globe;
			sourceTree = "<group>";
		};
		8EF45B022B789AA0000660BF /* RealityViews */ = {
			isa = PBXGroup;
			children = (
				8EF45B032B789ADA000660BF /* Earth.swift */,
			);
			path = RealityViews;
			sourceTree = "<group>";
		};
		8EF45B0C2B78A0FA000660BF /* Entities */ = {
			isa = PBXGroup;
			children = (
				8EF45B0D2B78A111000660BF /* EarthEntity.swift */,
				8EF45B0F2B78A160000660BF /* EarthEntity+Configuration.swift */,
				8EF45B172B78A4D2000660BF /* Entity+Sunlight.swift */,
			);
			path = Entities;
			sourceTree = "<group>";
		};
		8EF45B112B78A244000660BF /* Frameworks */ = {
			isa = PBXGroup;
			children = (
			);
			name = Frameworks;
			sourceTree = "<group>";
		};
		8EF45B142B78A477000660BF /* Systems */ = {
			isa = PBXGroup;
			children = (
				8EF45B152B78A487000660BF /* RotationSystem.swift */,
			);
			path = Systems;
			sourceTree = "<group>";
		};
		8EF45B1B2B78A586000660BF /* Modifiers */ = {
			isa = PBXGroup;
			children = (
				8EF45B1C2B78A596000660BF /* DragRotationModifier.swift */,
				8EF45B272B78B0F6000660BF /* TypeTextModifier.swift */,
			);
			path = Modifiers;
			sourceTree = "<group>";
		};
		8EF45B202B78B079000660BF /* Modules */ = {
			isa = PBXGroup;
			children = (
				8EF45B212B78B08E000660BF /* Modules.swift */,
				8EF45B232B78B0B5000660BF /* TableOfContents.swift */,
				8EF45B252B78B0C6000660BF /* ModuleCard.swift */,
				8EF45B292B78B112000660BF /* ModuleDetail.swift */,
			);
			path = Modules;
			sourceTree = "<group>";
		};
		8EF45B2D2B78B1B3000660BF /* Settings */ = {
			isa = PBXGroup;
			children = (
				8EF45B2E2B78B1BE000660BF /* SettingsButton.swift */,
				8EF45B302B78B1ED000660BF /* GlobeSettings.swift */,
				8EF45B322B78B1FE000660BF /* EarthSettings.swift */,
				8EF45B342B78B214000660BF /* SliderGridRow.swift */,
			);
			path = Settings;
			sourceTree = "<group>";
		};
		8EF45B362B78B2B2000660BF /* Client */ = {
			isa = PBXGroup;
			children = (
				8EF45B372B78B6F3000660BF /* ClientToggle.swift */,
			);
			path = Client;
			sourceTree = "<group>";
		};
		C5E590212B6379ED00328ED6 = {
			isa = PBXGroup;
			children = (
				D68FA8042B73D5DD0052B7FF /* ALVRClient.xcconfig */,
				D68FA8052B73D6260052B7FF /* Override.xcconfig */,
				C5E5902C2B6379ED00328ED6 /* ALVRClient */,
				C5E5902D2B6379ED00328ED6 /* Packages */,
				C5E5902B2B6379ED00328ED6 /* Products */,
				8EF45B112B78A244000660BF /* Frameworks */,
			);
			sourceTree = "<group>";
		};
		C5E5902B2B6379ED00328ED6 /* Products */ = {
			isa = PBXGroup;
			children = (
				C5E5902A2B6379ED00328ED6 /* ALVRClient.app */,
			);
			name = Products;
			sourceTree = "<group>";
		};
		C5E5902C2B6379ED00328ED6 /* ALVRClient */ = {
			isa = PBXGroup;
			children = (
				8EF45B362B78B2B2000660BF /* Client */,
				8EF45B2D2B78B1B3000660BF /* Settings */,
				8EF45B202B78B079000660BF /* Modules */,
				8EF45B1B2B78A586000660BF /* Modifiers */,
				8EF45B142B78A477000660BF /* Systems */,
				8EF45B0C2B78A0FA000660BF /* Entities */,
				8EF45B022B789AA0000660BF /* RealityViews */,
				8EF45AFF2B7899FC000660BF /* Globe */,
				8E739C892B7898EC0045ED16 /* Model */,
				C5E590312B6379ED00328ED6 /* ALVRClientApp.swift */,
				C5E590492B637C7E00328ED6 /* ALVRClient-Bridging-Header.h */,
				C5E590332B6379ED00328ED6 /* ContentView.swift */,
				C5E590352B6379ED00328ED6 /* Renderer.swift */,
				D61E6FDF2B71CE080076031A /* VideoHandler.swift */,
				D68FA8082B742F6F0052B7FF /* FFR.swift */,
				C5E590372B6379ED00328ED6 /* Shaders.metal */,
				C5E590392B6379ED00328ED6 /* ShaderTypes.h */,
				C5E5903D2B6379EE00328ED6 /* Assets.xcassets */,
				C588CC1F2B6BC7AA00D00DF0 /* ALVRClientCore.xcframework */,
				C5E5903F2B6379EE00328ED6 /* Info.plist */,
				C5E5903A2B6379ED00328ED6 /* Preview Content */,
				8EF45B392B7968D2000660BF /* BoundaryView.swift */,
				8EF45B3B2B799374000660BF /* AAPLRenderTarget.swift */,
			);
			path = ALVRClient;
			sourceTree = "<group>";
		};
		C5E5902D2B6379ED00328ED6 /* Packages */ = {
			isa = PBXGroup;
			children = (
				8E739C7C2B788FC90045ED16 /* RealityKitContent */,
			);
			path = Packages;
			sourceTree = "<group>";
		};
		C5E5903A2B6379ED00328ED6 /* Preview Content */ = {
			isa = PBXGroup;
			children = (
				C5E5903B2B6379ED00328ED6 /* Preview Assets.xcassets */,
			);
			path = "Preview Content";
			sourceTree = "<group>";
		};
/* End PBXGroup section */

/* Begin PBXNativeTarget section */
		C5E590292B6379ED00328ED6 /* ALVRClient */ = {
			isa = PBXNativeTarget;
			buildConfigurationList = C5E590422B6379EE00328ED6 /* Build configuration list for PBXNativeTarget "ALVRClient" */;
			buildPhases = (
				C5E590262B6379ED00328ED6 /* Sources */,
				C5E590272B6379ED00328ED6 /* Frameworks */,
				C5E590282B6379ED00328ED6 /* Resources */,
				C5114FAE2B63899C00865FD2 /* Embed Libraries */,
			);
			buildRules = (
			);
			dependencies = (
			);
			name = ALVRClient;
			packageProductDependencies = (
				8EF45B122B78A244000660BF /* RealityKitContent */,
			);
			productName = ALVRClient;
			productReference = C5E5902A2B6379ED00328ED6 /* ALVRClient.app */;
			productType = "com.apple.product-type.application";
		};
/* End PBXNativeTarget section */

/* Begin PBXProject section */
		C5E590222B6379ED00328ED6 /* Project object */ = {
			isa = PBXProject;
			attributes = {
				BuildIndependentTargetsInParallel = 1;
				LastSwiftUpdateCheck = 1530;
				LastUpgradeCheck = 1530;
				TargetAttributes = {
					C5E590292B6379ED00328ED6 = {
						CreatedOnToolsVersion = 15.3;
					};
				};
			};
			buildConfigurationList = C5E590252B6379ED00328ED6 /* Build configuration list for PBXProject "ALVRClient" */;
			compatibilityVersion = "Xcode 14.0";
			developmentRegion = en;
			hasScannedForEncodings = 0;
			knownRegions = (
				en,
				Base,
			);
			mainGroup = C5E590212B6379ED00328ED6;
			packageReferences = (
			);
			productRefGroup = C5E5902B2B6379ED00328ED6 /* Products */;
			projectDirPath = "";
			projectRoot = "";
			targets = (
				C5E590292B6379ED00328ED6 /* ALVRClient */,
			);
		};
/* End PBXProject section */

/* Begin PBXResourcesBuildPhase section */
		C5E590282B6379ED00328ED6 /* Resources */ = {
			isa = PBXResourcesBuildPhase;
			buildActionMask = 2147483647;
			files = (
				C5E5903E2B6379EE00328ED6 /* Assets.xcassets in Resources */,
				8E739C7D2B788FC90045ED16 /* RealityKitContent in Resources */,
				C5E5903C2B6379ED00328ED6 /* Preview Assets.xcassets in Resources */,
			);
			runOnlyForDeploymentPostprocessing = 0;
		};
/* End PBXResourcesBuildPhase section */

/* Begin PBXSourcesBuildPhase section */
		C5E590262B6379ED00328ED6 /* Sources */ = {
			isa = PBXSourcesBuildPhase;
			buildActionMask = 2147483647;
			files = (
				8EF45B312B78B1ED000660BF /* GlobeSettings.swift in Sources */,
				8EF45B2A2B78B112000660BF /* ModuleDetail.swift in Sources */,
				8EF45B182B78A4D2000660BF /* Entity+Sunlight.swift in Sources */,
				8EF45B222B78B08E000660BF /* Modules.swift in Sources */,
				C5E590382B6379ED00328ED6 /* Shaders.metal in Sources */,
				8EF45B2F2B78B1BE000660BF /* SettingsButton.swift in Sources */,
				8EF45B1D2B78A596000660BF /* DragRotationModifier.swift in Sources */,
				D61E6FE02B71CE080076031A /* VideoHandler.swift in Sources */,
				8EF45B042B789ADA000660BF /* Earth.swift in Sources */,
				D68FA8092B742F6F0052B7FF /* FFR.swift in Sources */,
				8EF45B3A2B7968D2000660BF /* BoundaryView.swift in Sources */,
				8EF45B0E2B78A111000660BF /* EarthEntity.swift in Sources */,
				8EF45B352B78B214000660BF /* SliderGridRow.swift in Sources */,
				8EF45B012B789A16000660BF /* Globe.swift in Sources */,
				8EF45B102B78A160000660BF /* EarthEntity+Configuration.swift in Sources */,
				C5E590342B6379ED00328ED6 /* ContentView.swift in Sources */,
				C5E590362B6379ED00328ED6 /* Renderer.swift in Sources */,
				8EF45AFE2B7899A6000660BF /* Module.swift in Sources */,
				8EF45B3C2B799374000660BF /* AAPLRenderTarget.swift in Sources */,
				8EF45B162B78A487000660BF /* RotationSystem.swift in Sources */,
				C5E590322B6379ED00328ED6 /* ALVRClientApp.swift in Sources */,
				8EF45B262B78B0C6000660BF /* ModuleCard.swift in Sources */,
				8EF45B1A2B78A54D000660BF /* GlobeControls.swift in Sources */,
				8E739C8B2B78990B0045ED16 /* ViewModel.swift in Sources */,
				8EF45B382B78B6F3000660BF /* ClientToggle.swift in Sources */,
				8EF45B282B78B0F6000660BF /* TypeTextModifier.swift in Sources */,
				8EF45B2C2B78B138000660BF /* GlobeModule.swift in Sources */,
				8EF45B332B78B1FE000660BF /* EarthSettings.swift in Sources */,
				8EF45B242B78B0B5000660BF /* TableOfContents.swift in Sources */,
				8EF45B1F2B78AB60000660BF /* GlobeToggle.swift in Sources */,
			);
			runOnlyForDeploymentPostprocessing = 0;
		};
/* End PBXSourcesBuildPhase section */

/* Begin XCBuildConfiguration section */
		C5E590402B6379EE00328ED6 /* Debug */ = {
			isa = XCBuildConfiguration;
			buildSettings = {
				ALWAYS_SEARCH_USER_PATHS = NO;
				ASSETCATALOG_COMPILER_GENERATE_SWIFT_ASSET_SYMBOL_EXTENSIONS = YES;
				CLANG_ANALYZER_NONNULL = YES;
				CLANG_ANALYZER_NUMBER_OBJECT_CONVERSION = YES_AGGRESSIVE;
				CLANG_CXX_LANGUAGE_STANDARD = "gnu++20";
				CLANG_ENABLE_MODULES = YES;
				CLANG_ENABLE_OBJC_ARC = YES;
				CLANG_ENABLE_OBJC_WEAK = YES;
				CLANG_WARN_BLOCK_CAPTURE_AUTORELEASING = YES;
				CLANG_WARN_BOOL_CONVERSION = YES;
				CLANG_WARN_COMMA = YES;
				CLANG_WARN_CONSTANT_CONVERSION = YES;
				CLANG_WARN_DEPRECATED_OBJC_IMPLEMENTATIONS = YES;
				CLANG_WARN_DIRECT_OBJC_ISA_USAGE = YES_ERROR;
				CLANG_WARN_DOCUMENTATION_COMMENTS = YES;
				CLANG_WARN_EMPTY_BODY = YES;
				CLANG_WARN_ENUM_CONVERSION = YES;
				CLANG_WARN_INFINITE_RECURSION = YES;
				CLANG_WARN_INT_CONVERSION = YES;
				CLANG_WARN_NON_LITERAL_NULL_CONVERSION = YES;
				CLANG_WARN_OBJC_IMPLICIT_RETAIN_SELF = YES;
				CLANG_WARN_OBJC_LITERAL_CONVERSION = YES;
				CLANG_WARN_OBJC_ROOT_CLASS = YES_ERROR;
				CLANG_WARN_QUOTED_INCLUDE_IN_FRAMEWORK_HEADER = YES;
				CLANG_WARN_RANGE_LOOP_ANALYSIS = YES;
				CLANG_WARN_STRICT_PROTOTYPES = YES;
				CLANG_WARN_SUSPICIOUS_MOVE = YES;
				CLANG_WARN_UNGUARDED_AVAILABILITY = YES_AGGRESSIVE;
				CLANG_WARN_UNREACHABLE_CODE = YES;
				CLANG_WARN__DUPLICATE_METHOD_MATCH = YES;
				COPY_PHASE_STRIP = NO;
				DEBUG_INFORMATION_FORMAT = dwarf;
				ENABLE_STRICT_OBJC_MSGSEND = YES;
				ENABLE_TESTABILITY = YES;
				ENABLE_USER_SCRIPT_SANDBOXING = YES;
				GCC_C_LANGUAGE_STANDARD = gnu17;
				GCC_DYNAMIC_NO_PIC = NO;
				GCC_NO_COMMON_BLOCKS = YES;
				GCC_OPTIMIZATION_LEVEL = 0;
				GCC_PREPROCESSOR_DEFINITIONS = (
					"DEBUG=1",
					"$(inherited)",
				);
				GCC_WARN_64_TO_32_BIT_CONVERSION = YES;
				GCC_WARN_ABOUT_RETURN_TYPE = YES_ERROR;
				GCC_WARN_UNDECLARED_SELECTOR = YES;
				GCC_WARN_UNINITIALIZED_AUTOS = YES_AGGRESSIVE;
				GCC_WARN_UNUSED_FUNCTION = YES;
				GCC_WARN_UNUSED_VARIABLE = YES;
				LOCALIZATION_PREFERS_STRING_CATALOGS = YES;
				MTL_ENABLE_DEBUG_INFO = INCLUDE_SOURCE;
				MTL_FAST_MATH = YES;
				ONLY_ACTIVE_ARCH = YES;
				SDKROOT = xros;
				SWIFT_ACTIVE_COMPILATION_CONDITIONS = "DEBUG $(inherited)";
				SWIFT_OPTIMIZATION_LEVEL = "-Onone";
				XROS_DEPLOYMENT_TARGET = 1.0;
			};
			name = Debug;
		};
		C5E590412B6379EE00328ED6 /* Release */ = {
			isa = XCBuildConfiguration;
			buildSettings = {
				ALWAYS_SEARCH_USER_PATHS = NO;
				ASSETCATALOG_COMPILER_GENERATE_SWIFT_ASSET_SYMBOL_EXTENSIONS = YES;
				CLANG_ANALYZER_NONNULL = YES;
				CLANG_ANALYZER_NUMBER_OBJECT_CONVERSION = YES_AGGRESSIVE;
				CLANG_CXX_LANGUAGE_STANDARD = "gnu++20";
				CLANG_ENABLE_MODULES = YES;
				CLANG_ENABLE_OBJC_ARC = YES;
				CLANG_ENABLE_OBJC_WEAK = YES;
				CLANG_WARN_BLOCK_CAPTURE_AUTORELEASING = YES;
				CLANG_WARN_BOOL_CONVERSION = YES;
				CLANG_WARN_COMMA = YES;
				CLANG_WARN_CONSTANT_CONVERSION = YES;
				CLANG_WARN_DEPRECATED_OBJC_IMPLEMENTATIONS = YES;
				CLANG_WARN_DIRECT_OBJC_ISA_USAGE = YES_ERROR;
				CLANG_WARN_DOCUMENTATION_COMMENTS = YES;
				CLANG_WARN_EMPTY_BODY = YES;
				CLANG_WARN_ENUM_CONVERSION = YES;
				CLANG_WARN_INFINITE_RECURSION = YES;
				CLANG_WARN_INT_CONVERSION = YES;
				CLANG_WARN_NON_LITERAL_NULL_CONVERSION = YES;
				CLANG_WARN_OBJC_IMPLICIT_RETAIN_SELF = YES;
				CLANG_WARN_OBJC_LITERAL_CONVERSION = YES;
				CLANG_WARN_OBJC_ROOT_CLASS = YES_ERROR;
				CLANG_WARN_QUOTED_INCLUDE_IN_FRAMEWORK_HEADER = YES;
				CLANG_WARN_RANGE_LOOP_ANALYSIS = YES;
				CLANG_WARN_STRICT_PROTOTYPES = YES;
				CLANG_WARN_SUSPICIOUS_MOVE = YES;
				CLANG_WARN_UNGUARDED_AVAILABILITY = YES_AGGRESSIVE;
				CLANG_WARN_UNREACHABLE_CODE = YES;
				CLANG_WARN__DUPLICATE_METHOD_MATCH = YES;
				COPY_PHASE_STRIP = NO;
				DEBUG_INFORMATION_FORMAT = "dwarf-with-dsym";
				ENABLE_NS_ASSERTIONS = NO;
				ENABLE_STRICT_OBJC_MSGSEND = YES;
				ENABLE_USER_SCRIPT_SANDBOXING = YES;
				GCC_C_LANGUAGE_STANDARD = gnu17;
				GCC_NO_COMMON_BLOCKS = YES;
				GCC_WARN_64_TO_32_BIT_CONVERSION = YES;
				GCC_WARN_ABOUT_RETURN_TYPE = YES_ERROR;
				GCC_WARN_UNDECLARED_SELECTOR = YES;
				GCC_WARN_UNINITIALIZED_AUTOS = YES_AGGRESSIVE;
				GCC_WARN_UNUSED_FUNCTION = YES;
				GCC_WARN_UNUSED_VARIABLE = YES;
				LOCALIZATION_PREFERS_STRING_CATALOGS = YES;
				MTL_ENABLE_DEBUG_INFO = NO;
				MTL_FAST_MATH = YES;
				SDKROOT = xros;
				SWIFT_COMPILATION_MODE = wholemodule;
				VALIDATE_PRODUCT = YES;
				XROS_DEPLOYMENT_TARGET = 1.0;
			};
			name = Release;
		};
		C5E590432B6379EE00328ED6 /* Debug */ = {
			isa = XCBuildConfiguration;
			baseConfigurationReference = D68FA8042B73D5DD0052B7FF /* ALVRClient.xcconfig */;
			buildSettings = {
				ASSETCATALOG_COMPILER_APPICON_NAME = AppIcon;
				ASSETCATALOG_COMPILER_GLOBAL_ACCENT_COLOR_NAME = AccentColor;
				CODE_SIGN_STYLE = Automatic;
				CURRENT_PROJECT_VERSION = 1;
				DEVELOPMENT_ASSET_PATHS = "\"ALVRClient/Preview Content\"";
				DEVELOPMENT_TEAM = B83769SAG5;
				ENABLE_PREVIEWS = YES;
				EXCLUDED_ARCHS = x86_64;
				GENERATE_INFOPLIST_FILE = YES;
				INFOPLIST_FILE = "$(TARGET_NAME)/Info.plist";
				INFOPLIST_KEY_NSLocalNetworkUsageDescription = "For connecting to ALVR server on local network.";
				INFOPLIST_KEY_NSMicrophoneUsageDescription = "Used for in game voice chat";
				IPHONEOS_DEPLOYMENT_TARGET = 17.0;
				LD_RUNPATH_SEARCH_PATHS = (
					"$(inherited)",
					"@executable_path/Frameworks",
				);
				LIBRARY_SEARCH_PATHS = (
					"$(inherited)",
					"$(PROJECT_DIR)/ALVRClient",
					"$(PROJECT_DIR)",
				);
				MARKETING_VERSION = 1.0;
				PRODUCT_BUNDLE_IDENTIFIER = com.panthervoyage.ALVRClient;
				PRODUCT_NAME = "$(TARGET_NAME)";
				SUPPORTED_PLATFORMS = "iphoneos iphonesimulator xros xrsimulator";
				SUPPORTS_MACCATALYST = YES;
				SWIFT_EMIT_LOC_STRINGS = YES;
				SWIFT_OBJC_BRIDGING_HEADER = "$(TARGET_NAME)/ALVRClient-Bridging-Header.h";
				SWIFT_VERSION = 5.0;
				TARGETED_DEVICE_FAMILY = "1,2,7";
			};
			name = Debug;
		};
		C5E590442B6379EE00328ED6 /* Release */ = {
			isa = XCBuildConfiguration;
			baseConfigurationReference = D68FA8042B73D5DD0052B7FF /* ALVRClient.xcconfig */;
			buildSettings = {
				ASSETCATALOG_COMPILER_APPICON_NAME = AppIcon;
				ASSETCATALOG_COMPILER_GLOBAL_ACCENT_COLOR_NAME = AccentColor;
				CODE_SIGN_STYLE = Automatic;
				CURRENT_PROJECT_VERSION = 1;
				DEVELOPMENT_ASSET_PATHS = "\"ALVRClient/Preview Content\"";
				DEVELOPMENT_TEAM = B83769SAG5;
				ENABLE_PREVIEWS = YES;
				EXCLUDED_ARCHS = x86_64;
				GCC_OPTIMIZATION_LEVEL = 0;
				GENERATE_INFOPLIST_FILE = YES;
				INFOPLIST_FILE = "$(TARGET_NAME)/Info.plist";
				INFOPLIST_KEY_NSLocalNetworkUsageDescription = "For connecting to ALVR server on local network.";
				INFOPLIST_KEY_NSMicrophoneUsageDescription = "Used for in game voice chat";
				IPHONEOS_DEPLOYMENT_TARGET = 17.0;
				LD_RUNPATH_SEARCH_PATHS = (
					"$(inherited)",
					"@executable_path/Frameworks",
				);
				LIBRARY_SEARCH_PATHS = (
					"$(inherited)",
					"$(PROJECT_DIR)/ALVRClient",
					"$(PROJECT_DIR)",
				);
				MARKETING_VERSION = 1.0;
				PRODUCT_BUNDLE_IDENTIFIER = com.panthervoyage.ALVRClient;
				PRODUCT_NAME = "$(TARGET_NAME)";
				SUPPORTED_PLATFORMS = "iphoneos iphonesimulator xros xrsimulator";
				SUPPORTS_MACCATALYST = YES;
				SWIFT_EMIT_LOC_STRINGS = YES;
				SWIFT_OBJC_BRIDGING_HEADER = "$(TARGET_NAME)/ALVRClient-Bridging-Header.h";
				SWIFT_VERSION = 5.0;
				TARGETED_DEVICE_FAMILY = "1,2,7";
			};
			name = Release;
		};
/* End XCBuildConfiguration section */

/* Begin XCConfigurationList section */
		C5E590252B6379ED00328ED6 /* Build configuration list for PBXProject "ALVRClient" */ = {
			isa = XCConfigurationList;
			buildConfigurations = (
				C5E590402B6379EE00328ED6 /* Debug */,
				C5E590412B6379EE00328ED6 /* Release */,
			);
			defaultConfigurationIsVisible = 0;
			defaultConfigurationName = Release;
		};
		C5E590422B6379EE00328ED6 /* Build configuration list for PBXNativeTarget "ALVRClient" */ = {
			isa = XCConfigurationList;
			buildConfigurations = (
				C5E590432B6379EE00328ED6 /* Debug */,
				C5E590442B6379EE00328ED6 /* Release */,
			);
			defaultConfigurationIsVisible = 0;
			defaultConfigurationName = Release;
		};
/* End XCConfigurationList section */

/* Begin XCSwiftPackageProductDependency section */
		8EF45B122B78A244000660BF /* RealityKitContent */ = {
			isa = XCSwiftPackageProductDependency;
			productName = RealityKitContent;
		};
/* End XCSwiftPackageProductDependency section */
	};
	rootObject = C5E590222B6379ED00328ED6 /* Project object */;
}
